
Microsoft Visual Studio Solution File, Format Version 12.00
# Visual Studio 15
VisualStudioVersion = 15.0.28010.2003
MinimumVisualStudioVersion = 10.0.40219.1
Project("{FAE04EC0-301F-11D3-BF4B-00C04F79EFBC}") = "mini", "mini\mini.csproj", "{FF0B8D8B-808B-46CE-AB0C-3B3AC9A2B02C}"
EndProject
Global
	GlobalSection(SolutionConfigurationPlatforms) = preSolution
		Debug|Any CPU = Debug|Any CPU
		Release|Any CPU = Release|Any CPU
	EndGlobalSection
	GlobalSection(ProjectConfigurationPlatforms) = postSolution
		{FF0B8D8B-808B-46CE-AB0C-3B3AC9A2B02C}.Debug|Any CPU.ActiveCfg = Debug|Any CPU
		{FF0B8D8B-808B-46CE-AB0C-3B3AC9A2B02C}.Debug|Any CPU.Build.0 = Debug|Any CPU
		{FF0B8D8B-808B-46CE-AB0C-3B3AC9A2B02C}.Release|Any CPU.ActiveCfg = Release|Any CPU
		{FF0B8D8B-808B-46CE-AB0C-3B3AC9A2B02C}.Release|Any CPU.Build.0 = Release|Any CPU
	EndGlobalSection
	GlobalSection(SolutionProperties) = preSolution
		HideSolutionNode = FALSE
	EndGlobalSection
	GlobalSection(ExtensibilityGlobals) = postSolution
		SolutionGuid = {86334832-2FB1-48FE-A464-B31C0113FBC8}
	EndGlobalSection
EndGlobal
